Microsoft Visual Studio Solution File, Format Version 12.00
# Visual Studio 15
VisualStudioVersion = 15.0.26124.0
MinimumVisualStudioVersion = 15.0.26124.0
Project("{FAE04EC0-301F-11D3-BF4B-00C04F79EFBC}") = "lolwatrp.Client", "Client\lolwatrp.Client.csproj", "{51A94A23-F962-4446-A75C-82BD98A605F8}"
EndProject
Project("{FAE04EC0-301F-11D3-BF4B-00C04F79EFBC}") = "lolwatrp.Server", "Server\lolwatrp.Server.csproj", "{DD2A3D8E-6C56-4E0E-B61B-9785FE5ADD14}"
EndProject
Global
	GlobalSection(SolutionConfigurationPlatforms) = preSolution
		Debug|Any CPU = Debug|Any CPU
		Release|Any CPU = Release|Any CPU
	EndGlobalSection
	GlobalSection(SolutionProperties) = preSolution
		HideSolutionNode = FALSE
	EndGlobalSection
	GlobalSection(ProjectConfigurationPlatforms) = postSolution
		{51A94A23-F962-4446-A75C-82BD98A605F8}.Debug|Any CPU.ActiveCfg = Debug|Any CPU
		{51A94A23-F962-4446-A75C-82BD98A605F8}.Debug|Any CPU.Build.0 = Debug|Any CPU
		{51A94A23-F962-4446-A75C-82BD98A605F8}.Release|Any CPU.ActiveCfg = Release|Any CPU
		{51A94A23-F962-4446-A75C-82BD98A605F8}.Release|Any CPU.Build.0 = Release|Any CPU
		{DD2A3D8E-6C56-4E0E-B61B-9785FE5ADD14}.Debug|Any CPU.ActiveCfg = Debug|Any CPU
		{DD2A3D8E-6C56-4E0E-B61B-9785FE5ADD14}.Debug|Any CPU.Build.0 = Debug|Any CPU
		{DD2A3D8E-6C56-4E0E-B61B-9785FE5ADD14}.Release|Any CPU.ActiveCfg = Release|Any CPU
		{DD2A3D8E-6C56-4E0E-B61B-9785FE5ADD14}.Release|Any CPU.Build.0 = Release|Any CPU
	EndGlobalSection
EndGlobal
